{
  "nodes": {
    "nixpkgs": {
      "locked": {
        "lastModified": 1737062634,
        "narHash": "sha256-1/WZ7juTZp6oWAFb14WeANN2veJFGZ4AFSNRpk4Jiw8=",
        "owner": "NixOS",
        "repo": "nixpkgs",
        "rev": "4bbb7630d8211ca57c8d67ad75f2ca7100f6d248",
        "type": "github"
      },
      "original": {
        "owner": "NixOS",
        "ref": "release-24.11",
        "repo": "nixpkgs",
        "type": "github"
      }
    },
    "root": {
      "inputs": {
        "nixpkgs": "nixpkgs"
      }
    }
  },
  "root": "root",
  "version": 7
}
