{
  "nodes": {
    "nixpkgs": {
      "locked": {
        "lastModified": 1738579205,
        "narHash": "sha256-o6BeeanSUALvz8oL2CHOikVjCf7j+HqlA0WGvKOUX3Q=",
        "owner": "NixOS",
        "repo": "nixpkgs",
        "rev": "be5cf18b3d26ba2db938a72ade93ac8a9a7462ff",
        "type": "github"
      },
      "original": {
        "owner": "NixOS",
        "ref": "release-24.11",
        "repo": "nixpkgs",
        "type": "github"
      }
    },
    "root": {
      "inputs": {
        "nixpkgs": "nixpkgs"
      }
    }
  },
  "root": "root",
  "version": 7
}
